hash: 60d0369bc7b48787e86cdee8a604342ab25b4229b32b7f7a47bcbb9b7d56f21b
updated: 2018-03-01T16:20:04.776971999-08:00
imports:
- name: github.com/cucumber/gherkin-go
  version: 217f86b40708460bd14458c6d9588e88db70512a
- name: github.com/satori/go.uuid
  version: f58768cc1a7a7e77a3bd49e98cdd21419399b6a3
testImports:
- name: github.com/onsi/ginkgo
  version: 9008c7b79f9636c46a0a945141020124702f0ecf
  subpackages:
  - config
  - internal/codelocation
  - internal/containernode
  - internal/failer
  - internal/leafnodes
  - internal/remote
  - internal/spec
  - internal/spec_iterator
  - internal/specrunner
  - internal/suite
  - internal/testingtproxy
  - internal/writer
  - reporters
  - reporters/stenographer
  - reporters/stenographer/support/go-colorable
  - reporters/stenographer/support/go-isatty
  - types
- name: github.com/onsi/gomega
  version: 49e4233a3b46c26dddd43cf84547cf31c92d0f2b
  subpackages:
  - format
  - internal/assertion
  - internal/asyncassertion
  - internal/oraclematcher
  - internal/testingtsupport
  - matchers
  - matchers/support/goraph/bipartitegraph
  - matchers/support/goraph/edge
  - matchers/support/goraph/node
  - matchers/support/goraph/util
  - types
- name: golang.org/x/net
  version: f5dfe339be1d06f81b22525fe34671ee7d2c8904
  subpackages:
  - html
  - html/atom
  - html/charset
- name: golang.org/x/sys
  version: 37707fdb30a5b38865cfb95e5aab41707daec7fd
  subpackages:
  - unix
- name: golang.org/x/text
  version: 0b0b1f509072617b86d90971b51da23cc52694f2
  subpackages:
  - encoding
  - encoding/charmap
  - encoding/htmlindex
  - encoding/internal
  - encoding/internal/identifier
  - encoding/japanese
  - encoding/korean
  - encoding/simplifiedchinese
  - encoding/traditionalchinese
  - encoding/unicode
  - internal/language
  - internal/tag
  - internal/utf8internal
  - language
  - runes
  - transform
- name: gopkg.in/yaml.v2
  version: 7f97868eec74b32b0982dd158a51a446d1da7eb5
