hash: 9df5c4fd2b7e914cc6a5c241f22a2bdde33e44dce16b3bb419383eebd59b2383
updated: 2018-04-12T16:07:26.512942368-07:00
imports:
- name: github.com/cucumber/cucumber-expressions-go
  version: 710012644754cc51fce10932f8a8695a282d95df
- name: github.com/cucumber/gherkin-go
  version: fc159fc365fe61416610aadb93f2bac2065917a0
- name: github.com/cucumber/tag-expressions-go
  version: a874ed1ddd6df7823953a9e948231d060d3c3675
- name: github.com/mattn/go-runewidth
  version: 9e777a8366cce605130a531d2cd6363d07ad7317
- name: github.com/olekukonko/tablewriter
  version: b8a9be070da40449e501c3c4730a889e42d87a9e
- name: github.com/onsi/gomega
  version: 49e4233a3b46c26dddd43cf84547cf31c92d0f2b
  subpackages:
  - format
  - internal/assertion
  - internal/asyncassertion
  - internal/oraclematcher
  - internal/testingtsupport
  - matchers
  - matchers/support/goraph/bipartitegraph
  - matchers/support/goraph/edge
  - matchers/support/goraph/node
  - matchers/support/goraph/util
  - types
- name: github.com/satori/go.uuid
  version: f58768cc1a7a7e77a3bd49e98cdd21419399b6a3
- name: golang.org/x/net
  version: f5dfe339be1d06f81b22525fe34671ee7d2c8904
  subpackages:
  - html
  - html/atom
  - html/charset
- name: golang.org/x/text
  version: 0b0b1f509072617b86d90971b51da23cc52694f2
  subpackages:
  - encoding
  - encoding/charmap
  - encoding/htmlindex
  - encoding/internal
  - encoding/internal/identifier
  - encoding/japanese
  - encoding/korean
  - encoding/simplifiedchinese
  - encoding/traditionalchinese
  - encoding/unicode
  - internal/language
  - internal/tag
  - internal/utf8internal
  - language
  - runes
  - transform
- name: gopkg.in/yaml.v2
  version: 7f97868eec74b32b0982dd158a51a446d1da7eb5
testImports:
- name: github.com/onsi/ginkgo
  version: 9008c7b79f9636c46a0a945141020124702f0ecf
  subpackages:
  - config
  - internal/codelocation
  - internal/containernode
  - internal/failer
  - internal/leafnodes
  - internal/remote
  - internal/spec
  - internal/spec_iterator
  - internal/specrunner
  - internal/suite
  - internal/testingtproxy
  - internal/writer
  - reporters
  - reporters/stenographer
  - reporters/stenographer/support/go-colorable
  - reporters/stenographer/support/go-isatty
  - types
- name: golang.org/x/sys
  version: 37707fdb30a5b38865cfb95e5aab41707daec7fd
  subpackages:
  - unix
