github.com/cucumber/cucumber-expressions-go v0.0.0-20180405043721-710012644754 h1:s7gayWGgbRwdzTg9MbFt+E5Ug2UUwe+QFzuNzPV7GqY=
github.com/cucumber/cucumber-expressions-go v0.0.0-20180405043721-710012644754/go.mod h1:KP9wgNsfe4h1DNNnQOMCxYnVorV/k0NommVk+J6bmkk=
github.com/cucumber/cucumber-expressions-go v6.1.2+incompatible h1:FHrfX1SAR8V7pPOLb24/tLfA4r2amM3/dddIslgqpwU=
github.com/cucumber/cucumber-expressions-go v6.1.2+incompatible/go.mod h1:KP9wgNsfe4h1DNNnQOMCxYnVorV/k0NommVk+J6bmkk=
github.com/cucumber/gherkin-go v5.1.0+incompatible h1:RCvyVI6KQLI2IJkijZBeJcE4K3U7DnhQ1RjD7VV+AIk=
github.com/cucumber/gherkin-go v5.1.0+incompatible/go.mod h1:bYJ65F+CDEAL70FXAu7/ef4ayC/NhRXO8zEW3IB21w0=
github.com/cucumber/tag-expressions-go v0.0.0-20180924203731-65e83e24be41 h1:F/dpjyK12XGQAJk22+VgQy4o/S9XVl+a2OeF4aQEv0M=
github.com/cucumber/tag-expressions-go v0.0.0-20180924203731-65e83e24be41/go.mod h1:Vx3XChYk1DBJmysTUrXe36b2/Z4UXzXqQ7qBgQwlknw=
github.com/hpcloud/tail v1.0.0 h1:nfCOvKYfkgYP8hkirhJocXT2+zOD8yUNjXaWfTlyFKI=
github.com/hpcloud/tail v1.0.0/go.mod h1:ab1qPbhIpdTxEkNHXyeSf5vhxWSCs/tWer42PpOxQnU=
github.com/mattn/go-runewidth v0.0.2 h1:UnlwIPBGaTZfPQ6T1IGzPI0EkYAQmT9fAEJ/poFC63o=
github.com/mattn/go-runewidth v0.0.2/go.mod h1:LwmH8dsx7+W8Uxz3IHJYH5QSwggIsqBzpuz5H//U1FU=
github.com/olekukonko/tablewriter v0.0.0-20180130162743-b8a9be070da4 h1:Mm4XQCBICntJzH8fKglsRuEiFUJYnTnM4BBFvpP5BWs=
github.com/olekukonko/tablewriter v0.0.0-20180130162743-b8a9be070da4/go.mod h1:vsDQFd/mU46D+Z4whnwzcISnGGzXWMclvtLoiIKAKIo=
github.com/onsi/ginkgo v1.6.0 h1:Ix8l273rp3QzYgXSR+c8d1fTG7UPgYkOSELPhiY/YGw=
github.com/onsi/ginkgo v1.6.0/go.mod h1:lLunBs/Ym6LB5Z9jYTR76FiuTmxDTDusOGeTQH+WWjE=
github.com/onsi/gomega v0.0.0-20180226134610-49e4233a3b46 h1:53xa68BGlmQNdLHC8fldP1bfNQ1gH1fNY7GQpyFPgD4=
github.com/onsi/gomega v0.0.0-20180226134610-49e4233a3b46/go.mod h1:C1qb7wdrVGGVU+Z6iS04AVkA3Q65CEZX59MT0QO5uiA=
github.com/satori/go.uuid v1.2.0 h1:0uYX9dsZ2yD7q2RtLRtPSdGDWzjeM3TbMJP9utgA0ww=
github.com/satori/go.uuid v1.2.0/go.mod h1:dA0hQrYB0VpLJoorglMZABFdXlWrHn1NEOzdhQKdks0=
golang.org/x/net v0.0.0-20180208041118-f5dfe339be1d h1:lnO2rP1Eit1fCAJKjYJlnArsHluPBxcs2BA2dQrL224=
golang.org/x/net v0.0.0-20180208041118-f5dfe339be1d/go.mod h1:mL1N/T3taQHkDXs73rZJwtUhF3w3ftmwwsq0BUmARs4=
golang.org/x/sys v0.0.0-20181011152604-fa43e7bc11ba h1:nZJIJPGow0Kf9bU9QTc1U6OXbs/7Hu4e+cNv+hxH+Zc=
golang.org/x/sys v0.0.0-20181011152604-fa43e7bc11ba/go.mod h1:STP8DvDyc/dI5b8T5hshtkjS+E42TnysNCUPdjciGhY=
golang.org/x/text v0.0.0-20180301214459-0b0b1f509072 h1:YFla7a5mQ91xUt6jxag/Kj6IyyERVmeB6QZ7FfjmQw4=
golang.org/x/text v0.0.0-20180301214459-0b0b1f509072/go.mod h1:NqM8EUOU14njkJ3fqMW+pc6Ldnwhi/IjpwHt7yyuwOQ=
gopkg.in/check.v1 v0.0.0-20161208181325-20d25e280405/go.mod h1:Co6ibVJAznAaIkqp8huTwlJQCZ016jof/cbN4VW5Yz0=
gopkg.in/fsnotify.v1 v1.4.7 h1:xOHLXZwVvI9hhs+cLKq5+I5onOuwQLhQwiu63xxlHs4=
gopkg.in/fsnotify.v1 v1.4.7/go.mod h1:Tz8NjZHkW78fSQdbUxIjBTcgA1z1m8ZHf0WmKUhAMys=
gopkg.in/tomb.v1 v1.0.0-20141024135613-dd632973f1e7 h1:uRGJdciOHaEIrze2W8Q3AKkepLTh2hOroT7a+7czfdQ=
gopkg.in/tomb.v1 v1.0.0-20141024135613-dd632973f1e7/go.mod h1:dt/ZhP58zS4L8KSrWDmTeBkI65Dw0HsyUHuEVlX15mw=
gopkg.in/yaml.v2 v2.1.1 h1:fxK3tv8mQPVEgxu/S2LJ040LyqiajHt+syP0CdDS/Sc=
gopkg.in/yaml.v2 v2.1.1/go.mod h1:hI93XBmqTisBFMUTm0b8Fm+jr3Dg1NNxqwp+5A1VGuI=
